
Microsoft Visual Studio Solution File, Format Version 12.00
# Visual Studio Version 16
VisualStudioVersion = 16.0.30114.105
MinimumVisualStudioVersion = 10.0.40219.1
Project("{2150E333-8FDC-42A3-9474-1A3956D46DE8}") = "src", "src", "{377BDC18-C605-46A6-84CA-A4D97BEB98A4}"
EndProject
Project("{FAE04EC0-301F-11D3-BF4B-00C04F79EFBC}") = "KingdomDeathTools.Api.Startup", "src\KingdomDeathTools.Api.Startup\KingdomDeathTools.Api.Startup.csproj", "{9DC90EED-0715-4D97-8825-9255B91518C6}"
EndProject
Project("{FAE04EC0-301F-11D3-BF4B-00C04F79EFBC}") = "KingdomDeathTools.Api.Services", "src\KingdomDeathTools.Api.Services\KingdomDeathTools.Api.Services.csproj", "{170F6A82-E067-4F49-9E8B-1CD4CFC4DD19}"
EndProject
Global
	GlobalSection(SolutionConfigurationPlatforms) = preSolution
		Debug|Any CPU = Debug|Any CPU
		Debug|x64 = Debug|x64
		Debug|x86 = Debug|x86
		Release|Any CPU = Release|Any CPU
		Release|x64 = Release|x64
		Release|x86 = Release|x86
	EndGlobalSection
	GlobalSection(SolutionProperties) = preSolution
		HideSolutionNode = FALSE
	EndGlobalSection
	GlobalSection(ProjectConfigurationPlatforms) = postSolution
		{9DC90EED-0715-4D97-8825-9255B91518C6}.Debug|Any CPU.ActiveCfg = Debug|Any CPU
		{9DC90EED-0715-4D97-8825-9255B91518C6}.Debug|Any CPU.Build.0 = Debug|Any CPU
		{9DC90EED-0715-4D97-8825-9255B91518C6}.Debug|x64.ActiveCfg = Debug|Any CPU
		{9DC90EED-0715-4D97-8825-9255B91518C6}.Debug|x64.Build.0 = Debug|Any CPU
		{9DC90EED-0715-4D97-8825-9255B91518C6}.Debug|x86.ActiveCfg = Debug|Any CPU
		{9DC90EED-0715-4D97-8825-9255B91518C6}.Debug|x86.Build.0 = Debug|Any CPU
		{9DC90EED-0715-4D97-8825-9255B91518C6}.Release|Any CPU.ActiveCfg = Release|Any CPU
		{9DC90EED-0715-4D97-8825-9255B91518C6}.Release|Any CPU.Build.0 = Release|Any CPU
		{9DC90EED-0715-4D97-8825-9255B91518C6}.Release|x64.ActiveCfg = Release|Any CPU
		{9DC90EED-0715-4D97-8825-9255B91518C6}.Release|x64.Build.0 = Release|Any CPU
		{9DC90EED-0715-4D97-8825-9255B91518C6}.Release|x86.ActiveCfg = Release|Any CPU
		{9DC90EED-0715-4D97-8825-9255B91518C6}.Release|x86.Build.0 = Release|Any CPU
		{170F6A82-E067-4F49-9E8B-1CD4CFC4DD19}.Debug|Any CPU.ActiveCfg = Debug|Any CPU
		{170F6A82-E067-4F49-9E8B-1CD4CFC4DD19}.Debug|Any CPU.Build.0 = Debug|Any CPU
		{170F6A82-E067-4F49-9E8B-1CD4CFC4DD19}.Debug|x64.ActiveCfg = Debug|Any CPU
		{170F6A82-E067-4F49-9E8B-1CD4CFC4DD19}.Debug|x64.Build.0 = Debug|Any CPU
		{170F6A82-E067-4F49-9E8B-1CD4CFC4DD19}.Debug|x86.ActiveCfg = Debug|Any CPU
		{170F6A82-E067-4F49-9E8B-1CD4CFC4DD19}.Debug|x86.Build.0 = Debug|Any CPU
		{170F6A82-E067-4F49-9E8B-1CD4CFC4DD19}.Release|Any CPU.ActiveCfg = Release|Any CPU
		{170F6A82-E067-4F49-9E8B-1CD4CFC4DD19}.Release|Any CPU.Build.0 = Release|Any CPU
		{170F6A82-E067-4F49-9E8B-1CD4CFC4DD19}.Release|x64.ActiveCfg = Release|Any CPU
		{170F6A82-E067-4F49-9E8B-1CD4CFC4DD19}.Release|x64.Build.0 = Release|Any CPU
		{170F6A82-E067-4F49-9E8B-1CD4CFC4DD19}.Release|x86.ActiveCfg = Release|Any CPU
		{170F6A82-E067-4F49-9E8B-1CD4CFC4DD19}.Release|x86.Build.0 = Release|Any CPU
	EndGlobalSection
	GlobalSection(NestedProjects) = preSolution
		{9DC90EED-0715-4D97-8825-9255B91518C6} = {377BDC18-C605-46A6-84CA-A4D97BEB98A4}
		{170F6A82-E067-4F49-9E8B-1CD4CFC4DD19} = {377BDC18-C605-46A6-84CA-A4D97BEB98A4}
	EndGlobalSection
EndGlobal
