
Microsoft Visual Studio Solution File, Format Version 12.00
# Visual Studio 15
VisualStudioVersion = 15.0.27130.2027
MinimumVisualStudioVersion = 10.0.40219.1
Project("{2150E333-8FDC-42A3-9474-1A3956D46DE8}") = "DomainModeling", "DomainModeling", "{87D82FF6-4A7D-419C-8788-235DD43AA666}"
	ProjectSection(SolutionItems) = preProject
		README.MD = README.MD
	EndProjectSection
EndProject
Project("{2150E333-8FDC-42A3-9474-1A3956D46DE8}") = "Questions", "Questions", "{78DFAFB3-A4F5-4BFF-8432-660C8A5F4040}"
EndProject
Project("{2150E333-8FDC-42A3-9474-1A3956D46DE8}") = "Queries", "Queries", "{AE51B258-7250-4509-8CF8-076ABF892A87}"
EndProject
Project("{2150E333-8FDC-42A3-9474-1A3956D46DE8}") = "test", "test", "{D69A27D0-0850-4E7E-8206-CEB03BABB2BF}"
EndProject
Project("{2150E333-8FDC-42A3-9474-1A3956D46DE8}") = "Infrastructure", "Infrastructure", "{10FA2167-A3FD-40FB-A652-1A4A8CC9C8B1}"
EndProject
Project("{2150E333-8FDC-42A3-9474-1A3956D46DE8}") = "src", "src", "{35FD688A-26C3-43F2-91B1-F4D28F19CE29}"
EndProject
Project("{2150E333-8FDC-42A3-9474-1A3956D46DE8}") = "test", "test", "{B08A3387-8BDC-4339-979F-406E9B0B0D3E}"
EndProject
Project("{2150E333-8FDC-42A3-9474-1A3956D46DE8}") = "src", "src", "{20C43B6E-A331-4347-A9DC-70F6ACA64E49}"
EndProject
Project("{2150E333-8FDC-42A3-9474-1A3956D46DE8}") = "example", "example", "{AC2DA1EB-17AD-4F22-BB3E-22D60C8CFB6F}"
EndProject
Project("{2150E333-8FDC-42A3-9474-1A3956D46DE8}") = "Questionable", "Questionable", "{9935DEE6-5DA7-4060-B1F8-15040F432EA6}"
EndProject
Project("{9A19103F-16F7-4668-BE54-9A1E7A4F7556}") = "DomainModeling.Core", "src\DomainModeling.Core\DomainModeling.Core.csproj", "{1F1D23D1-2260-4B7F-A846-7257ECD72B41}"
EndProject
Project("{9A19103F-16F7-4668-BE54-9A1E7A4F7556}") = "Questionable.Startup", "example\Questionable\src\Questionable.Startup\Questionable.Startup.csproj", "{B6BFAD61-22A1-4D4F-85AB-2CE4B4729273}"
EndProject
Project("{9A19103F-16F7-4668-BE54-9A1E7A4F7556}") = "Questionable.Questions.Aggregates", "example\Questionable\src\Questionable.Questions.Aggregates\Questionable.Questions.Aggregates.csproj", "{D0B87D89-98CC-4E20-B90A-04A3EBEAC658}"
EndProject
Project("{9A19103F-16F7-4668-BE54-9A1E7A4F7556}") = "Questionable.Questions.Commands", "example\Questionable\src\Questionable.Questions.Commands\Questionable.Questions.Commands.csproj", "{94611886-7E45-438F-A9C2-D38ABB299F28}"
EndProject
Project("{9A19103F-16F7-4668-BE54-9A1E7A4F7556}") = "Questionable.Questions.Events", "example\Questionable\src\Questionable.Questions.Events\Questionable.Questions.Events.csproj", "{8BAAF73B-A654-44C3-BE1C-4C8146694DE2}"
EndProject
Project("{9A19103F-16F7-4668-BE54-9A1E7A4F7556}") = "Questionable.Questions.Http", "example\Questionable\src\Questionable.Questions.Http\Questionable.Questions.Http.csproj", "{00C7EF0D-0C0F-47CB-B36F-E18116D955A8}"
EndProject
Project("{9A19103F-16F7-4668-BE54-9A1E7A4F7556}") = "Questionable.Queries.Denormalizers.QuestionDetails", "example\Questionable\src\Questionable.Queries.Denormalizers.QuestionDetails\Questionable.Queries.Denormalizers.QuestionDetails.csproj", "{D6C6B6BB-84EC-45A1-A08D-B0E8A23147C8}"
EndProject
Project("{9A19103F-16F7-4668-BE54-9A1E7A4F7556}") = "Questionable.Queries.Http", "example\Questionable\src\Questionable.Queries.Http\Questionable.Queries.Http.csproj", "{D422DE0A-A825-4E75-A856-C50D5B2A6C0D}"
EndProject
Project("{9A19103F-16F7-4668-BE54-9A1E7A4F7556}") = "Questionable.Queries.Models", "example\Questionable\src\Questionable.Queries.Models\Questionable.Queries.Models.csproj", "{9D71DF12-2C37-4F9B-9DEA-3DB00DA2A482}"
EndProject
Project("{9A19103F-16F7-4668-BE54-9A1E7A4F7556}") = "Questionable.Queries.QuestionSearch", "example\Questionable\src\Questionable.Queries.QuestionSearch\Questionable.Queries.QuestionSearch.csproj", "{6897A5CA-9A64-45DE-B6D2-0DCDFCC05558}"
EndProject
Project("{9A19103F-16F7-4668-BE54-9A1E7A4F7556}") = "Questionable.Queries.Repository", "example\Questionable\src\Questionable.Queries.Repository\Questionable.Queries.Repository.csproj", "{C7FCF5F3-4207-4657-BCE0-5AA5953305B4}"
EndProject
Project("{9A19103F-16F7-4668-BE54-9A1E7A4F7556}") = "Questionable.Infrastructure.Repository.Core", "example\Questionable\src\Questionable.Infrastructure.Repository.Core\Questionable.Infrastructure.Repository.Core.csproj", "{0F85499B-125A-45EF-BB57-0AC531DB797E}"
EndProject
Project("{9A19103F-16F7-4668-BE54-9A1E7A4F7556}") = "Questionable.Infrastructure.Repository.Memory", "example\Questionable\src\Questionable.Infrastructure.Repository.Memory\Questionable.Infrastructure.Repository.Memory.csproj", "{E28D1D3D-79F4-4EB5-BB55-7278164F1508}"
EndProject
Project("{2150E333-8FDC-42A3-9474-1A3956D46DE8}") = "test", "test", "{0101D071-6CB1-4566-B195-93267ECD67DE}"
EndProject
Project("{9A19103F-16F7-4668-BE54-9A1E7A4F7556}") = "DomainModeling.Test.Unit", "test\DomainModeling.Test.Unit\DomainModeling.Test.Unit.csproj", "{2F13D8F3-9843-4939-9D73-19AD5546F049}"
EndProject
Project("{2150E333-8FDC-42A3-9474-1A3956D46DE8}") = "ObjectSourcing", "ObjectSourcing", "{292A7C3E-597A-464D-908C-32603EBB3DD1}"
EndProject
Project("{FAE04EC0-301F-11D3-BF4B-00C04F79EFBC}") = "DomainModeling.ObjectSourcing", "src\DomainModeling.ObjectSourcing\DomainModeling.ObjectSourcing\DomainModeling.ObjectSourcing.csproj", "{4512C4F1-7D00-4117-9B6B-0A918613F95D}"
EndProject
Global
	GlobalSection(SolutionConfigurationPlatforms) = preSolution
		Debug|Any CPU = Debug|Any CPU
		Release|Any CPU = Release|Any CPU
	EndGlobalSection
	GlobalSection(ProjectConfigurationPlatforms) = postSolution
		{1F1D23D1-2260-4B7F-A846-7257ECD72B41}.Debug|Any CPU.ActiveCfg = Debug|Any CPU
		{1F1D23D1-2260-4B7F-A846-7257ECD72B41}.Debug|Any CPU.Build.0 = Debug|Any CPU
		{1F1D23D1-2260-4B7F-A846-7257ECD72B41}.Release|Any CPU.ActiveCfg = Release|Any CPU
		{1F1D23D1-2260-4B7F-A846-7257ECD72B41}.Release|Any CPU.Build.0 = Release|Any CPU
		{B6BFAD61-22A1-4D4F-85AB-2CE4B4729273}.Debug|Any CPU.ActiveCfg = Debug|Any CPU
		{B6BFAD61-22A1-4D4F-85AB-2CE4B4729273}.Debug|Any CPU.Build.0 = Debug|Any CPU
		{B6BFAD61-22A1-4D4F-85AB-2CE4B4729273}.Release|Any CPU.ActiveCfg = Release|Any CPU
		{B6BFAD61-22A1-4D4F-85AB-2CE4B4729273}.Release|Any CPU.Build.0 = Release|Any CPU
		{D0B87D89-98CC-4E20-B90A-04A3EBEAC658}.Debug|Any CPU.ActiveCfg = Debug|Any CPU
		{D0B87D89-98CC-4E20-B90A-04A3EBEAC658}.Debug|Any CPU.Build.0 = Debug|Any CPU
		{D0B87D89-98CC-4E20-B90A-04A3EBEAC658}.Release|Any CPU.ActiveCfg = Release|Any CPU
		{D0B87D89-98CC-4E20-B90A-04A3EBEAC658}.Release|Any CPU.Build.0 = Release|Any CPU
		{94611886-7E45-438F-A9C2-D38ABB299F28}.Debug|Any CPU.ActiveCfg = Debug|Any CPU
		{94611886-7E45-438F-A9C2-D38ABB299F28}.Debug|Any CPU.Build.0 = Debug|Any CPU
		{94611886-7E45-438F-A9C2-D38ABB299F28}.Release|Any CPU.ActiveCfg = Release|Any CPU
		{94611886-7E45-438F-A9C2-D38ABB299F28}.Release|Any CPU.Build.0 = Release|Any CPU
		{8BAAF73B-A654-44C3-BE1C-4C8146694DE2}.Debug|Any CPU.ActiveCfg = Debug|Any CPU
		{8BAAF73B-A654-44C3-BE1C-4C8146694DE2}.Debug|Any CPU.Build.0 = Debug|Any CPU
		{8BAAF73B-A654-44C3-BE1C-4C8146694DE2}.Release|Any CPU.ActiveCfg = Release|Any CPU
		{8BAAF73B-A654-44C3-BE1C-4C8146694DE2}.Release|Any CPU.Build.0 = Release|Any CPU
		{00C7EF0D-0C0F-47CB-B36F-E18116D955A8}.Debug|Any CPU.ActiveCfg = Debug|Any CPU
		{00C7EF0D-0C0F-47CB-B36F-E18116D955A8}.Debug|Any CPU.Build.0 = Debug|Any CPU
		{00C7EF0D-0C0F-47CB-B36F-E18116D955A8}.Release|Any CPU.ActiveCfg = Release|Any CPU
		{00C7EF0D-0C0F-47CB-B36F-E18116D955A8}.Release|Any CPU.Build.0 = Release|Any CPU
		{D6C6B6BB-84EC-45A1-A08D-B0E8A23147C8}.Debug|Any CPU.ActiveCfg = Debug|Any CPU
		{D6C6B6BB-84EC-45A1-A08D-B0E8A23147C8}.Debug|Any CPU.Build.0 = Debug|Any CPU
		{D6C6B6BB-84EC-45A1-A08D-B0E8A23147C8}.Release|Any CPU.ActiveCfg = Release|Any CPU
		{D6C6B6BB-84EC-45A1-A08D-B0E8A23147C8}.Release|Any CPU.Build.0 = Release|Any CPU
		{D422DE0A-A825-4E75-A856-C50D5B2A6C0D}.Debug|Any CPU.ActiveCfg = Debug|Any CPU
		{D422DE0A-A825-4E75-A856-C50D5B2A6C0D}.Debug|Any CPU.Build.0 = Debug|Any CPU
		{D422DE0A-A825-4E75-A856-C50D5B2A6C0D}.Release|Any CPU.ActiveCfg = Release|Any CPU
		{D422DE0A-A825-4E75-A856-C50D5B2A6C0D}.Release|Any CPU.Build.0 = Release|Any CPU
		{9D71DF12-2C37-4F9B-9DEA-3DB00DA2A482}.Debug|Any CPU.ActiveCfg = Debug|Any CPU
		{9D71DF12-2C37-4F9B-9DEA-3DB00DA2A482}.Debug|Any CPU.Build.0 = Debug|Any CPU
		{9D71DF12-2C37-4F9B-9DEA-3DB00DA2A482}.Release|Any CPU.ActiveCfg = Release|Any CPU
		{9D71DF12-2C37-4F9B-9DEA-3DB00DA2A482}.Release|Any CPU.Build.0 = Release|Any CPU
		{6897A5CA-9A64-45DE-B6D2-0DCDFCC05558}.Debug|Any CPU.ActiveCfg = Debug|Any CPU
		{6897A5CA-9A64-45DE-B6D2-0DCDFCC05558}.Debug|Any CPU.Build.0 = Debug|Any CPU
		{6897A5CA-9A64-45DE-B6D2-0DCDFCC05558}.Release|Any CPU.ActiveCfg = Release|Any CPU
		{6897A5CA-9A64-45DE-B6D2-0DCDFCC05558}.Release|Any CPU.Build.0 = Release|Any CPU
		{C7FCF5F3-4207-4657-BCE0-5AA5953305B4}.Debug|Any CPU.ActiveCfg = Debug|Any CPU
		{C7FCF5F3-4207-4657-BCE0-5AA5953305B4}.Debug|Any CPU.Build.0 = Debug|Any CPU
		{C7FCF5F3-4207-4657-BCE0-5AA5953305B4}.Release|Any CPU.ActiveCfg = Release|Any CPU
		{C7FCF5F3-4207-4657-BCE0-5AA5953305B4}.Release|Any CPU.Build.0 = Release|Any CPU
		{0F85499B-125A-45EF-BB57-0AC531DB797E}.Debug|Any CPU.ActiveCfg = Debug|Any CPU
		{0F85499B-125A-45EF-BB57-0AC531DB797E}.Debug|Any CPU.Build.0 = Debug|Any CPU
		{0F85499B-125A-45EF-BB57-0AC531DB797E}.Release|Any CPU.ActiveCfg = Release|Any CPU
		{0F85499B-125A-45EF-BB57-0AC531DB797E}.Release|Any CPU.Build.0 = Release|Any CPU
		{E28D1D3D-79F4-4EB5-BB55-7278164F1508}.Debug|Any CPU.ActiveCfg = Debug|Any CPU
		{E28D1D3D-79F4-4EB5-BB55-7278164F1508}.Debug|Any CPU.Build.0 = Debug|Any CPU
		{E28D1D3D-79F4-4EB5-BB55-7278164F1508}.Release|Any CPU.ActiveCfg = Release|Any CPU
		{E28D1D3D-79F4-4EB5-BB55-7278164F1508}.Release|Any CPU.Build.0 = Release|Any CPU
		{2F13D8F3-9843-4939-9D73-19AD5546F049}.Debug|Any CPU.ActiveCfg = Debug|Any CPU
		{2F13D8F3-9843-4939-9D73-19AD5546F049}.Debug|Any CPU.Build.0 = Debug|Any CPU
		{2F13D8F3-9843-4939-9D73-19AD5546F049}.Release|Any CPU.ActiveCfg = Release|Any CPU
		{2F13D8F3-9843-4939-9D73-19AD5546F049}.Release|Any CPU.Build.0 = Release|Any CPU
		{4512C4F1-7D00-4117-9B6B-0A918613F95D}.Debug|Any CPU.ActiveCfg = Debug|Any CPU
		{4512C4F1-7D00-4117-9B6B-0A918613F95D}.Debug|Any CPU.Build.0 = Debug|Any CPU
		{4512C4F1-7D00-4117-9B6B-0A918613F95D}.Release|Any CPU.ActiveCfg = Release|Any CPU
		{4512C4F1-7D00-4117-9B6B-0A918613F95D}.Release|Any CPU.Build.0 = Release|Any CPU
	EndGlobalSection
	GlobalSection(SolutionProperties) = preSolution
		HideSolutionNode = FALSE
	EndGlobalSection
	GlobalSection(NestedProjects) = preSolution
		{78DFAFB3-A4F5-4BFF-8432-660C8A5F4040} = {35FD688A-26C3-43F2-91B1-F4D28F19CE29}
		{AE51B258-7250-4509-8CF8-076ABF892A87} = {35FD688A-26C3-43F2-91B1-F4D28F19CE29}
		{D69A27D0-0850-4E7E-8206-CEB03BABB2BF} = {87D82FF6-4A7D-419C-8788-235DD43AA666}
		{10FA2167-A3FD-40FB-A652-1A4A8CC9C8B1} = {35FD688A-26C3-43F2-91B1-F4D28F19CE29}
		{35FD688A-26C3-43F2-91B1-F4D28F19CE29} = {9935DEE6-5DA7-4060-B1F8-15040F432EA6}
		{B08A3387-8BDC-4339-979F-406E9B0B0D3E} = {9935DEE6-5DA7-4060-B1F8-15040F432EA6}
		{20C43B6E-A331-4347-A9DC-70F6ACA64E49} = {87D82FF6-4A7D-419C-8788-235DD43AA666}
		{AC2DA1EB-17AD-4F22-BB3E-22D60C8CFB6F} = {87D82FF6-4A7D-419C-8788-235DD43AA666}
		{9935DEE6-5DA7-4060-B1F8-15040F432EA6} = {AC2DA1EB-17AD-4F22-BB3E-22D60C8CFB6F}
		{1F1D23D1-2260-4B7F-A846-7257ECD72B41} = {20C43B6E-A331-4347-A9DC-70F6ACA64E49}
		{B6BFAD61-22A1-4D4F-85AB-2CE4B4729273} = {35FD688A-26C3-43F2-91B1-F4D28F19CE29}
		{D0B87D89-98CC-4E20-B90A-04A3EBEAC658} = {78DFAFB3-A4F5-4BFF-8432-660C8A5F4040}
		{94611886-7E45-438F-A9C2-D38ABB299F28} = {78DFAFB3-A4F5-4BFF-8432-660C8A5F4040}
		{8BAAF73B-A654-44C3-BE1C-4C8146694DE2} = {78DFAFB3-A4F5-4BFF-8432-660C8A5F4040}
		{00C7EF0D-0C0F-47CB-B36F-E18116D955A8} = {78DFAFB3-A4F5-4BFF-8432-660C8A5F4040}
		{D6C6B6BB-84EC-45A1-A08D-B0E8A23147C8} = {AE51B258-7250-4509-8CF8-076ABF892A87}
		{D422DE0A-A825-4E75-A856-C50D5B2A6C0D} = {AE51B258-7250-4509-8CF8-076ABF892A87}
		{9D71DF12-2C37-4F9B-9DEA-3DB00DA2A482} = {AE51B258-7250-4509-8CF8-076ABF892A87}
		{6897A5CA-9A64-45DE-B6D2-0DCDFCC05558} = {AE51B258-7250-4509-8CF8-076ABF892A87}
		{C7FCF5F3-4207-4657-BCE0-5AA5953305B4} = {AE51B258-7250-4509-8CF8-076ABF892A87}
		{0F85499B-125A-45EF-BB57-0AC531DB797E} = {10FA2167-A3FD-40FB-A652-1A4A8CC9C8B1}
		{E28D1D3D-79F4-4EB5-BB55-7278164F1508} = {10FA2167-A3FD-40FB-A652-1A4A8CC9C8B1}
		{2F13D8F3-9843-4939-9D73-19AD5546F049} = {0101D071-6CB1-4566-B195-93267ECD67DE}
		{292A7C3E-597A-464D-908C-32603EBB3DD1} = {20C43B6E-A331-4347-A9DC-70F6ACA64E49}
		{4512C4F1-7D00-4117-9B6B-0A918613F95D} = {292A7C3E-597A-464D-908C-32603EBB3DD1}
	EndGlobalSection
	GlobalSection(ExtensibilityGlobals) = postSolution
		SolutionGuid = {3136EB9B-DF53-474E-BF50-C0005DBC4C11}
	EndGlobalSection
EndGlobal
