
Microsoft Visual Studio Solution File, Format Version 12.00
# Visual Studio 15
VisualStudioVersion = 15.0.27130.2027
MinimumVisualStudioVersion = 10.0.40219.1
Project("{2150E333-8FDC-42A3-9474-1A3956D46DE8}") = "DomainModeling", "DomainModeling", "{87D82FF6-4A7D-419C-8788-235DD43AA666}"
	ProjectSection(SolutionItems) = preProject
		README.MD = README.MD
	EndProjectSection
EndProject
Project("{2150E333-8FDC-42A3-9474-1A3956D46DE8}") = "Questions", "Questions", "{78DFAFB3-A4F5-4BFF-8432-660C8A5F4040}"
EndProject
Project("{2150E333-8FDC-42A3-9474-1A3956D46DE8}") = "EventRepository", "EventRepository", "{9852050C-4AAA-48B8-8C6F-B4D133C55791}"
EndProject
Project("{2150E333-8FDC-42A3-9474-1A3956D46DE8}") = "EventSourcing", "EventSourcing", "{0C8184AD-1E1E-437B-86E4-9C059ACF4997}"
EndProject
Project("{2150E333-8FDC-42A3-9474-1A3956D46DE8}") = "Queries", "Queries", "{AE51B258-7250-4509-8CF8-076ABF892A87}"
EndProject
Project("{2150E333-8FDC-42A3-9474-1A3956D46DE8}") = "EventSubscription", "EventSubscription", "{8315E499-7B13-44CD-9E23-8231F8202061}"
EndProject
Project("{2150E333-8FDC-42A3-9474-1A3956D46DE8}") = "test", "test", "{D69A27D0-0850-4E7E-8206-CEB03BABB2BF}"
EndProject
Project("{2150E333-8FDC-42A3-9474-1A3956D46DE8}") = "Infrastructure", "Infrastructure", "{10FA2167-A3FD-40FB-A652-1A4A8CC9C8B1}"
EndProject
Project("{2150E333-8FDC-42A3-9474-1A3956D46DE8}") = "src", "src", "{35FD688A-26C3-43F2-91B1-F4D28F19CE29}"
EndProject
Project("{2150E333-8FDC-42A3-9474-1A3956D46DE8}") = "test", "test", "{B08A3387-8BDC-4339-979F-406E9B0B0D3E}"
EndProject
Project("{2150E333-8FDC-42A3-9474-1A3956D46DE8}") = "src", "src", "{20C43B6E-A331-4347-A9DC-70F6ACA64E49}"
EndProject
Project("{2150E333-8FDC-42A3-9474-1A3956D46DE8}") = "example", "example", "{AC2DA1EB-17AD-4F22-BB3E-22D60C8CFB6F}"
EndProject
Project("{2150E333-8FDC-42A3-9474-1A3956D46DE8}") = "Questionable", "Questionable", "{9935DEE6-5DA7-4060-B1F8-15040F432EA6}"
EndProject
Project("{9A19103F-16F7-4668-BE54-9A1E7A4F7556}") = "DomainModeling.Core.Test.Unit", "test\DomainModeling.Core.Test.Unit\DomainModeling.Core.Test.Unit.csproj", "{3B655E1D-D30C-4800-B594-DA56EBEA3BE4}"
EndProject
Project("{9A19103F-16F7-4668-BE54-9A1E7A4F7556}") = "DomainModeling.Core", "src\DomainModeling.Core\DomainModeling.Core.csproj", "{1F1D23D1-2260-4B7F-A846-7257ECD72B41}"
EndProject
Project("{9A19103F-16F7-4668-BE54-9A1E7A4F7556}") = "DomainModeling.EventSubscription", "src\DomainModeling.EventSubscription\DomainModeling.EventSubscription.csproj", "{65DCE798-FCEF-49E3-AA9E-BF1C5A408D1E}"
EndProject
Project("{9A19103F-16F7-4668-BE54-9A1E7A4F7556}") = "DomainModeling.EventSubscription.AspNetCore", "src\DomainModeling.EventSubscription.AspNetCore\DomainModeling.EventSubscription.AspNetCore.csproj", "{936E2990-0FDE-4D2C-91D0-BD2008721446}"
EndProject
Project("{9A19103F-16F7-4668-BE54-9A1E7A4F7556}") = "DomainModeling.EventSubscription.EventStore", "src\DomainModeling.EventSubscription.EventStore\DomainModeling.EventSubscription.EventStore.csproj", "{65FE2671-970E-476D-A1C1-1C3C20378B6C}"
EndProject
Project("{9A19103F-16F7-4668-BE54-9A1E7A4F7556}") = "DomainModeling.EventSubscription.EventStore.AspNetCore", "src\DomainModeling.EventSubscription.EventStore.AspNetCore\DomainModeling.EventSubscription.EventStore.AspNetCore.csproj", "{F137809E-9128-49D8-BD92-74B9ADEB78F0}"
EndProject
Project("{9A19103F-16F7-4668-BE54-9A1E7A4F7556}") = "DomainModeling.EventSourcing", "src\DomainModeling.EventSourcing\DomainModeling.EventSourcing.csproj", "{B8D62B3F-86FF-4CC5-BBBA-445F73811014}"
EndProject
Project("{9A19103F-16F7-4668-BE54-9A1E7A4F7556}") = "DomainModeling.EventSourcing.AspNetCore", "src\DomainModeling.EventSourcing.AspNetCore\DomainModeling.EventSourcing.AspNetCore.csproj", "{C8548E92-7605-4263-826C-4FA0F49F366B}"
EndProject
Project("{9A19103F-16F7-4668-BE54-9A1E7A4F7556}") = "DomainModeling.EventRepository", "src\DomainModeling.EventRepository\DomainModeling.EventRepository.csproj", "{1F19D5B2-467B-4228-B326-55C8979707FB}"
EndProject
Project("{9A19103F-16F7-4668-BE54-9A1E7A4F7556}") = "DomainModeling.EventRepository.EventStore", "src\DomainModeling.EventRepository.EventStore\DomainModeling.EventRepository.EventStore.csproj", "{7442C97C-45A5-4300-A49A-EAF0EBF26825}"
EndProject
Project("{9A19103F-16F7-4668-BE54-9A1E7A4F7556}") = "DomainModeling.EventRepository.EventStore.AspNetCore", "src\DomainModeling.EventRepository.EventStore.AspNetCore\DomainModeling.EventRepository.EventStore.AspNetCore.csproj", "{039ACD11-21D8-4FFA-8F36-60F147C43B93}"
EndProject
Project("{9A19103F-16F7-4668-BE54-9A1E7A4F7556}") = "DomainModeling.EventRepository.LocalMemory", "src\DomainModeling.EventRepository.LocalMemory\DomainModeling.EventRepository.LocalMemory.csproj", "{DB7C3758-9F00-4438-836D-1089DADE3AF3}"
EndProject
Project("{9A19103F-16F7-4668-BE54-9A1E7A4F7556}") = "DomainModeling.EventRepository.LocalMemory.AspNetCore", "src\DomainModeling.EventRepository.LocalMemory.AspNetCore\DomainModeling.EventRepository.LocalMemory.AspNetCore.csproj", "{D453005C-6E26-4871-86A8-ED93461E8AA4}"
EndProject
Project("{9A19103F-16F7-4668-BE54-9A1E7A4F7556}") = "Questionable.Questions.Test.Unit", "example\Questionable\test\Questionable.Questions.Test.Unit\Questionable.Questions.Test.Unit.csproj", "{1F554081-2A22-4E0E-9507-8E790D357F39}"
EndProject
Project("{9A19103F-16F7-4668-BE54-9A1E7A4F7556}") = "Questionable.Startup", "example\Questionable\src\Questionable.Startup\Questionable.Startup.csproj", "{B6BFAD61-22A1-4D4F-85AB-2CE4B4729273}"
EndProject
Project("{9A19103F-16F7-4668-BE54-9A1E7A4F7556}") = "Questionable.Questions.Aggregates", "example\Questionable\src\Questionable.Questions.Aggregates\Questionable.Questions.Aggregates.csproj", "{D0B87D89-98CC-4E20-B90A-04A3EBEAC658}"
EndProject
Project("{9A19103F-16F7-4668-BE54-9A1E7A4F7556}") = "Questionable.Questions.Commands", "example\Questionable\src\Questionable.Questions.Commands\Questionable.Questions.Commands.csproj", "{94611886-7E45-438F-A9C2-D38ABB299F28}"
EndProject
Project("{9A19103F-16F7-4668-BE54-9A1E7A4F7556}") = "Questionable.Questions.Events", "example\Questionable\src\Questionable.Questions.Events\Questionable.Questions.Events.csproj", "{8BAAF73B-A654-44C3-BE1C-4C8146694DE2}"
EndProject
Project("{9A19103F-16F7-4668-BE54-9A1E7A4F7556}") = "Questionable.Questions.Http", "example\Questionable\src\Questionable.Questions.Http\Questionable.Questions.Http.csproj", "{00C7EF0D-0C0F-47CB-B36F-E18116D955A8}"
EndProject
Project("{9A19103F-16F7-4668-BE54-9A1E7A4F7556}") = "Questionable.Queries.Denormalizers.QuestionDetails", "example\Questionable\src\Questionable.Queries.Denormalizers.QuestionDetails\Questionable.Queries.Denormalizers.QuestionDetails.csproj", "{D6C6B6BB-84EC-45A1-A08D-B0E8A23147C8}"
EndProject
Project("{9A19103F-16F7-4668-BE54-9A1E7A4F7556}") = "Questionable.Queries.Http", "example\Questionable\src\Questionable.Queries.Http\Questionable.Queries.Http.csproj", "{D422DE0A-A825-4E75-A856-C50D5B2A6C0D}"
EndProject
Project("{9A19103F-16F7-4668-BE54-9A1E7A4F7556}") = "Questionable.Queries.Models", "example\Questionable\src\Questionable.Queries.Models\Questionable.Queries.Models.csproj", "{9D71DF12-2C37-4F9B-9DEA-3DB00DA2A482}"
EndProject
Project("{9A19103F-16F7-4668-BE54-9A1E7A4F7556}") = "Questionable.Queries.QuestionSearch", "example\Questionable\src\Questionable.Queries.QuestionSearch\Questionable.Queries.QuestionSearch.csproj", "{6897A5CA-9A64-45DE-B6D2-0DCDFCC05558}"
EndProject
Project("{9A19103F-16F7-4668-BE54-9A1E7A4F7556}") = "Questionable.Queries.Repository", "example\Questionable\src\Questionable.Queries.Repository\Questionable.Queries.Repository.csproj", "{C7FCF5F3-4207-4657-BCE0-5AA5953305B4}"
EndProject
Project("{9A19103F-16F7-4668-BE54-9A1E7A4F7556}") = "Questionable.Infrastructure.Repository.Core", "example\Questionable\src\Questionable.Infrastructure.Repository.Core\Questionable.Infrastructure.Repository.Core.csproj", "{0F85499B-125A-45EF-BB57-0AC531DB797E}"
EndProject
Project("{9A19103F-16F7-4668-BE54-9A1E7A4F7556}") = "Questionable.Infrastructure.Repository.Memory", "example\Questionable\src\Questionable.Infrastructure.Repository.Memory\Questionable.Infrastructure.Repository.Memory.csproj", "{E28D1D3D-79F4-4EB5-BB55-7278164F1508}"
EndProject
Project("{FAE04EC0-301F-11D3-BF4B-00C04F79EFBC}") = "DomainModeling.EventRepository.Test.Unit", "test\DomainModeling.EventRepository.Test.Unit\DomainModeling.EventRepository.Test.Unit.csproj", "{11761097-7C4A-4E37-B2D0-DC52736822C0}"
EndProject
Global
	GlobalSection(SolutionConfigurationPlatforms) = preSolution
		Debug|Any CPU = Debug|Any CPU
		Release|Any CPU = Release|Any CPU
	EndGlobalSection
	GlobalSection(ProjectConfigurationPlatforms) = postSolution
		{3B655E1D-D30C-4800-B594-DA56EBEA3BE4}.Debug|Any CPU.ActiveCfg = Debug|Any CPU
		{3B655E1D-D30C-4800-B594-DA56EBEA3BE4}.Debug|Any CPU.Build.0 = Debug|Any CPU
		{3B655E1D-D30C-4800-B594-DA56EBEA3BE4}.Release|Any CPU.ActiveCfg = Release|Any CPU
		{3B655E1D-D30C-4800-B594-DA56EBEA3BE4}.Release|Any CPU.Build.0 = Release|Any CPU
		{1F1D23D1-2260-4B7F-A846-7257ECD72B41}.Debug|Any CPU.ActiveCfg = Debug|Any CPU
		{1F1D23D1-2260-4B7F-A846-7257ECD72B41}.Debug|Any CPU.Build.0 = Debug|Any CPU
		{1F1D23D1-2260-4B7F-A846-7257ECD72B41}.Release|Any CPU.ActiveCfg = Release|Any CPU
		{1F1D23D1-2260-4B7F-A846-7257ECD72B41}.Release|Any CPU.Build.0 = Release|Any CPU
		{65DCE798-FCEF-49E3-AA9E-BF1C5A408D1E}.Debug|Any CPU.ActiveCfg = Debug|Any CPU
		{65DCE798-FCEF-49E3-AA9E-BF1C5A408D1E}.Debug|Any CPU.Build.0 = Debug|Any CPU
		{65DCE798-FCEF-49E3-AA9E-BF1C5A408D1E}.Release|Any CPU.ActiveCfg = Release|Any CPU
		{65DCE798-FCEF-49E3-AA9E-BF1C5A408D1E}.Release|Any CPU.Build.0 = Release|Any CPU
		{936E2990-0FDE-4D2C-91D0-BD2008721446}.Debug|Any CPU.ActiveCfg = Debug|Any CPU
		{936E2990-0FDE-4D2C-91D0-BD2008721446}.Debug|Any CPU.Build.0 = Debug|Any CPU
		{936E2990-0FDE-4D2C-91D0-BD2008721446}.Release|Any CPU.ActiveCfg = Release|Any CPU
		{936E2990-0FDE-4D2C-91D0-BD2008721446}.Release|Any CPU.Build.0 = Release|Any CPU
		{65FE2671-970E-476D-A1C1-1C3C20378B6C}.Debug|Any CPU.ActiveCfg = Debug|Any CPU
		{65FE2671-970E-476D-A1C1-1C3C20378B6C}.Debug|Any CPU.Build.0 = Debug|Any CPU
		{65FE2671-970E-476D-A1C1-1C3C20378B6C}.Release|Any CPU.ActiveCfg = Release|Any CPU
		{65FE2671-970E-476D-A1C1-1C3C20378B6C}.Release|Any CPU.Build.0 = Release|Any CPU
		{F137809E-9128-49D8-BD92-74B9ADEB78F0}.Debug|Any CPU.ActiveCfg = Debug|Any CPU
		{F137809E-9128-49D8-BD92-74B9ADEB78F0}.Debug|Any CPU.Build.0 = Debug|Any CPU
		{F137809E-9128-49D8-BD92-74B9ADEB78F0}.Release|Any CPU.ActiveCfg = Release|Any CPU
		{F137809E-9128-49D8-BD92-74B9ADEB78F0}.Release|Any CPU.Build.0 = Release|Any CPU
		{B8D62B3F-86FF-4CC5-BBBA-445F73811014}.Debug|Any CPU.ActiveCfg = Debug|Any CPU
		{B8D62B3F-86FF-4CC5-BBBA-445F73811014}.Debug|Any CPU.Build.0 = Debug|Any CPU
		{B8D62B3F-86FF-4CC5-BBBA-445F73811014}.Release|Any CPU.ActiveCfg = Release|Any CPU
		{B8D62B3F-86FF-4CC5-BBBA-445F73811014}.Release|Any CPU.Build.0 = Release|Any CPU
		{C8548E92-7605-4263-826C-4FA0F49F366B}.Debug|Any CPU.ActiveCfg = Debug|Any CPU
		{C8548E92-7605-4263-826C-4FA0F49F366B}.Debug|Any CPU.Build.0 = Debug|Any CPU
		{C8548E92-7605-4263-826C-4FA0F49F366B}.Release|Any CPU.ActiveCfg = Release|Any CPU
		{C8548E92-7605-4263-826C-4FA0F49F366B}.Release|Any CPU.Build.0 = Release|Any CPU
		{1F19D5B2-467B-4228-B326-55C8979707FB}.Debug|Any CPU.ActiveCfg = Debug|Any CPU
		{1F19D5B2-467B-4228-B326-55C8979707FB}.Debug|Any CPU.Build.0 = Debug|Any CPU
		{1F19D5B2-467B-4228-B326-55C8979707FB}.Release|Any CPU.ActiveCfg = Release|Any CPU
		{1F19D5B2-467B-4228-B326-55C8979707FB}.Release|Any CPU.Build.0 = Release|Any CPU
		{7442C97C-45A5-4300-A49A-EAF0EBF26825}.Debug|Any CPU.ActiveCfg = Debug|Any CPU
		{7442C97C-45A5-4300-A49A-EAF0EBF26825}.Debug|Any CPU.Build.0 = Debug|Any CPU
		{7442C97C-45A5-4300-A49A-EAF0EBF26825}.Release|Any CPU.ActiveCfg = Release|Any CPU
		{7442C97C-45A5-4300-A49A-EAF0EBF26825}.Release|Any CPU.Build.0 = Release|Any CPU
		{039ACD11-21D8-4FFA-8F36-60F147C43B93}.Debug|Any CPU.ActiveCfg = Debug|Any CPU
		{039ACD11-21D8-4FFA-8F36-60F147C43B93}.Debug|Any CPU.Build.0 = Debug|Any CPU
		{039ACD11-21D8-4FFA-8F36-60F147C43B93}.Release|Any CPU.ActiveCfg = Release|Any CPU
		{039ACD11-21D8-4FFA-8F36-60F147C43B93}.Release|Any CPU.Build.0 = Release|Any CPU
		{DB7C3758-9F00-4438-836D-1089DADE3AF3}.Debug|Any CPU.ActiveCfg = Debug|Any CPU
		{DB7C3758-9F00-4438-836D-1089DADE3AF3}.Debug|Any CPU.Build.0 = Debug|Any CPU
		{DB7C3758-9F00-4438-836D-1089DADE3AF3}.Release|Any CPU.ActiveCfg = Release|Any CPU
		{DB7C3758-9F00-4438-836D-1089DADE3AF3}.Release|Any CPU.Build.0 = Release|Any CPU
		{D453005C-6E26-4871-86A8-ED93461E8AA4}.Debug|Any CPU.ActiveCfg = Debug|Any CPU
		{D453005C-6E26-4871-86A8-ED93461E8AA4}.Debug|Any CPU.Build.0 = Debug|Any CPU
		{D453005C-6E26-4871-86A8-ED93461E8AA4}.Release|Any CPU.ActiveCfg = Release|Any CPU
		{D453005C-6E26-4871-86A8-ED93461E8AA4}.Release|Any CPU.Build.0 = Release|Any CPU
		{1F554081-2A22-4E0E-9507-8E790D357F39}.Debug|Any CPU.ActiveCfg = Debug|Any CPU
		{1F554081-2A22-4E0E-9507-8E790D357F39}.Debug|Any CPU.Build.0 = Debug|Any CPU
		{1F554081-2A22-4E0E-9507-8E790D357F39}.Release|Any CPU.ActiveCfg = Release|Any CPU
		{1F554081-2A22-4E0E-9507-8E790D357F39}.Release|Any CPU.Build.0 = Release|Any CPU
		{B6BFAD61-22A1-4D4F-85AB-2CE4B4729273}.Debug|Any CPU.ActiveCfg = Debug|Any CPU
		{B6BFAD61-22A1-4D4F-85AB-2CE4B4729273}.Debug|Any CPU.Build.0 = Debug|Any CPU
		{B6BFAD61-22A1-4D4F-85AB-2CE4B4729273}.Release|Any CPU.ActiveCfg = Release|Any CPU
		{B6BFAD61-22A1-4D4F-85AB-2CE4B4729273}.Release|Any CPU.Build.0 = Release|Any CPU
		{D0B87D89-98CC-4E20-B90A-04A3EBEAC658}.Debug|Any CPU.ActiveCfg = Debug|Any CPU
		{D0B87D89-98CC-4E20-B90A-04A3EBEAC658}.Debug|Any CPU.Build.0 = Debug|Any CPU
		{D0B87D89-98CC-4E20-B90A-04A3EBEAC658}.Release|Any CPU.ActiveCfg = Release|Any CPU
		{D0B87D89-98CC-4E20-B90A-04A3EBEAC658}.Release|Any CPU.Build.0 = Release|Any CPU
		{94611886-7E45-438F-A9C2-D38ABB299F28}.Debug|Any CPU.ActiveCfg = Debug|Any CPU
		{94611886-7E45-438F-A9C2-D38ABB299F28}.Debug|Any CPU.Build.0 = Debug|Any CPU
		{94611886-7E45-438F-A9C2-D38ABB299F28}.Release|Any CPU.ActiveCfg = Release|Any CPU
		{94611886-7E45-438F-A9C2-D38ABB299F28}.Release|Any CPU.Build.0 = Release|Any CPU
		{8BAAF73B-A654-44C3-BE1C-4C8146694DE2}.Debug|Any CPU.ActiveCfg = Debug|Any CPU
		{8BAAF73B-A654-44C3-BE1C-4C8146694DE2}.Debug|Any CPU.Build.0 = Debug|Any CPU
		{8BAAF73B-A654-44C3-BE1C-4C8146694DE2}.Release|Any CPU.ActiveCfg = Release|Any CPU
		{8BAAF73B-A654-44C3-BE1C-4C8146694DE2}.Release|Any CPU.Build.0 = Release|Any CPU
		{00C7EF0D-0C0F-47CB-B36F-E18116D955A8}.Debug|Any CPU.ActiveCfg = Debug|Any CPU
		{00C7EF0D-0C0F-47CB-B36F-E18116D955A8}.Debug|Any CPU.Build.0 = Debug|Any CPU
		{00C7EF0D-0C0F-47CB-B36F-E18116D955A8}.Release|Any CPU.ActiveCfg = Release|Any CPU
		{00C7EF0D-0C0F-47CB-B36F-E18116D955A8}.Release|Any CPU.Build.0 = Release|Any CPU
		{D6C6B6BB-84EC-45A1-A08D-B0E8A23147C8}.Debug|Any CPU.ActiveCfg = Debug|Any CPU
		{D6C6B6BB-84EC-45A1-A08D-B0E8A23147C8}.Debug|Any CPU.Build.0 = Debug|Any CPU
		{D6C6B6BB-84EC-45A1-A08D-B0E8A23147C8}.Release|Any CPU.ActiveCfg = Release|Any CPU
		{D6C6B6BB-84EC-45A1-A08D-B0E8A23147C8}.Release|Any CPU.Build.0 = Release|Any CPU
		{D422DE0A-A825-4E75-A856-C50D5B2A6C0D}.Debug|Any CPU.ActiveCfg = Debug|Any CPU
		{D422DE0A-A825-4E75-A856-C50D5B2A6C0D}.Debug|Any CPU.Build.0 = Debug|Any CPU
		{D422DE0A-A825-4E75-A856-C50D5B2A6C0D}.Release|Any CPU.ActiveCfg = Release|Any CPU
		{D422DE0A-A825-4E75-A856-C50D5B2A6C0D}.Release|Any CPU.Build.0 = Release|Any CPU
		{9D71DF12-2C37-4F9B-9DEA-3DB00DA2A482}.Debug|Any CPU.ActiveCfg = Debug|Any CPU
		{9D71DF12-2C37-4F9B-9DEA-3DB00DA2A482}.Debug|Any CPU.Build.0 = Debug|Any CPU
		{9D71DF12-2C37-4F9B-9DEA-3DB00DA2A482}.Release|Any CPU.ActiveCfg = Release|Any CPU
		{9D71DF12-2C37-4F9B-9DEA-3DB00DA2A482}.Release|Any CPU.Build.0 = Release|Any CPU
		{6897A5CA-9A64-45DE-B6D2-0DCDFCC05558}.Debug|Any CPU.ActiveCfg = Debug|Any CPU
		{6897A5CA-9A64-45DE-B6D2-0DCDFCC05558}.Debug|Any CPU.Build.0 = Debug|Any CPU
		{6897A5CA-9A64-45DE-B6D2-0DCDFCC05558}.Release|Any CPU.ActiveCfg = Release|Any CPU
		{6897A5CA-9A64-45DE-B6D2-0DCDFCC05558}.Release|Any CPU.Build.0 = Release|Any CPU
		{C7FCF5F3-4207-4657-BCE0-5AA5953305B4}.Debug|Any CPU.ActiveCfg = Debug|Any CPU
		{C7FCF5F3-4207-4657-BCE0-5AA5953305B4}.Debug|Any CPU.Build.0 = Debug|Any CPU
		{C7FCF5F3-4207-4657-BCE0-5AA5953305B4}.Release|Any CPU.ActiveCfg = Release|Any CPU
		{C7FCF5F3-4207-4657-BCE0-5AA5953305B4}.Release|Any CPU.Build.0 = Release|Any CPU
		{0F85499B-125A-45EF-BB57-0AC531DB797E}.Debug|Any CPU.ActiveCfg = Debug|Any CPU
		{0F85499B-125A-45EF-BB57-0AC531DB797E}.Debug|Any CPU.Build.0 = Debug|Any CPU
		{0F85499B-125A-45EF-BB57-0AC531DB797E}.Release|Any CPU.ActiveCfg = Release|Any CPU
		{0F85499B-125A-45EF-BB57-0AC531DB797E}.Release|Any CPU.Build.0 = Release|Any CPU
		{E28D1D3D-79F4-4EB5-BB55-7278164F1508}.Debug|Any CPU.ActiveCfg = Debug|Any CPU
		{E28D1D3D-79F4-4EB5-BB55-7278164F1508}.Debug|Any CPU.Build.0 = Debug|Any CPU
		{E28D1D3D-79F4-4EB5-BB55-7278164F1508}.Release|Any CPU.ActiveCfg = Release|Any CPU
		{E28D1D3D-79F4-4EB5-BB55-7278164F1508}.Release|Any CPU.Build.0 = Release|Any CPU
		{11761097-7C4A-4E37-B2D0-DC52736822C0}.Debug|Any CPU.ActiveCfg = Debug|Any CPU
		{11761097-7C4A-4E37-B2D0-DC52736822C0}.Debug|Any CPU.Build.0 = Debug|Any CPU
		{11761097-7C4A-4E37-B2D0-DC52736822C0}.Release|Any CPU.ActiveCfg = Release|Any CPU
		{11761097-7C4A-4E37-B2D0-DC52736822C0}.Release|Any CPU.Build.0 = Release|Any CPU
	EndGlobalSection
	GlobalSection(SolutionProperties) = preSolution
		HideSolutionNode = FALSE
	EndGlobalSection
	GlobalSection(NestedProjects) = preSolution
		{78DFAFB3-A4F5-4BFF-8432-660C8A5F4040} = {35FD688A-26C3-43F2-91B1-F4D28F19CE29}
		{9852050C-4AAA-48B8-8C6F-B4D133C55791} = {20C43B6E-A331-4347-A9DC-70F6ACA64E49}
		{0C8184AD-1E1E-437B-86E4-9C059ACF4997} = {20C43B6E-A331-4347-A9DC-70F6ACA64E49}
		{AE51B258-7250-4509-8CF8-076ABF892A87} = {35FD688A-26C3-43F2-91B1-F4D28F19CE29}
		{8315E499-7B13-44CD-9E23-8231F8202061} = {20C43B6E-A331-4347-A9DC-70F6ACA64E49}
		{D69A27D0-0850-4E7E-8206-CEB03BABB2BF} = {87D82FF6-4A7D-419C-8788-235DD43AA666}
		{10FA2167-A3FD-40FB-A652-1A4A8CC9C8B1} = {35FD688A-26C3-43F2-91B1-F4D28F19CE29}
		{35FD688A-26C3-43F2-91B1-F4D28F19CE29} = {9935DEE6-5DA7-4060-B1F8-15040F432EA6}
		{B08A3387-8BDC-4339-979F-406E9B0B0D3E} = {9935DEE6-5DA7-4060-B1F8-15040F432EA6}
		{20C43B6E-A331-4347-A9DC-70F6ACA64E49} = {87D82FF6-4A7D-419C-8788-235DD43AA666}
		{AC2DA1EB-17AD-4F22-BB3E-22D60C8CFB6F} = {87D82FF6-4A7D-419C-8788-235DD43AA666}
		{9935DEE6-5DA7-4060-B1F8-15040F432EA6} = {AC2DA1EB-17AD-4F22-BB3E-22D60C8CFB6F}
		{3B655E1D-D30C-4800-B594-DA56EBEA3BE4} = {D69A27D0-0850-4E7E-8206-CEB03BABB2BF}
		{1F1D23D1-2260-4B7F-A846-7257ECD72B41} = {20C43B6E-A331-4347-A9DC-70F6ACA64E49}
		{65DCE798-FCEF-49E3-AA9E-BF1C5A408D1E} = {8315E499-7B13-44CD-9E23-8231F8202061}
		{936E2990-0FDE-4D2C-91D0-BD2008721446} = {8315E499-7B13-44CD-9E23-8231F8202061}
		{65FE2671-970E-476D-A1C1-1C3C20378B6C} = {8315E499-7B13-44CD-9E23-8231F8202061}
		{F137809E-9128-49D8-BD92-74B9ADEB78F0} = {8315E499-7B13-44CD-9E23-8231F8202061}
		{B8D62B3F-86FF-4CC5-BBBA-445F73811014} = {0C8184AD-1E1E-437B-86E4-9C059ACF4997}
		{C8548E92-7605-4263-826C-4FA0F49F366B} = {0C8184AD-1E1E-437B-86E4-9C059ACF4997}
		{1F19D5B2-467B-4228-B326-55C8979707FB} = {9852050C-4AAA-48B8-8C6F-B4D133C55791}
		{7442C97C-45A5-4300-A49A-EAF0EBF26825} = {9852050C-4AAA-48B8-8C6F-B4D133C55791}
		{039ACD11-21D8-4FFA-8F36-60F147C43B93} = {9852050C-4AAA-48B8-8C6F-B4D133C55791}
		{DB7C3758-9F00-4438-836D-1089DADE3AF3} = {9852050C-4AAA-48B8-8C6F-B4D133C55791}
		{D453005C-6E26-4871-86A8-ED93461E8AA4} = {9852050C-4AAA-48B8-8C6F-B4D133C55791}
		{1F554081-2A22-4E0E-9507-8E790D357F39} = {B08A3387-8BDC-4339-979F-406E9B0B0D3E}
		{B6BFAD61-22A1-4D4F-85AB-2CE4B4729273} = {35FD688A-26C3-43F2-91B1-F4D28F19CE29}
		{D0B87D89-98CC-4E20-B90A-04A3EBEAC658} = {78DFAFB3-A4F5-4BFF-8432-660C8A5F4040}
		{94611886-7E45-438F-A9C2-D38ABB299F28} = {78DFAFB3-A4F5-4BFF-8432-660C8A5F4040}
		{8BAAF73B-A654-44C3-BE1C-4C8146694DE2} = {78DFAFB3-A4F5-4BFF-8432-660C8A5F4040}
		{00C7EF0D-0C0F-47CB-B36F-E18116D955A8} = {78DFAFB3-A4F5-4BFF-8432-660C8A5F4040}
		{D6C6B6BB-84EC-45A1-A08D-B0E8A23147C8} = {AE51B258-7250-4509-8CF8-076ABF892A87}
		{D422DE0A-A825-4E75-A856-C50D5B2A6C0D} = {AE51B258-7250-4509-8CF8-076ABF892A87}
		{9D71DF12-2C37-4F9B-9DEA-3DB00DA2A482} = {AE51B258-7250-4509-8CF8-076ABF892A87}
		{6897A5CA-9A64-45DE-B6D2-0DCDFCC05558} = {AE51B258-7250-4509-8CF8-076ABF892A87}
		{C7FCF5F3-4207-4657-BCE0-5AA5953305B4} = {AE51B258-7250-4509-8CF8-076ABF892A87}
		{0F85499B-125A-45EF-BB57-0AC531DB797E} = {10FA2167-A3FD-40FB-A652-1A4A8CC9C8B1}
		{E28D1D3D-79F4-4EB5-BB55-7278164F1508} = {10FA2167-A3FD-40FB-A652-1A4A8CC9C8B1}
		{11761097-7C4A-4E37-B2D0-DC52736822C0} = {D69A27D0-0850-4E7E-8206-CEB03BABB2BF}
	EndGlobalSection
	GlobalSection(ExtensibilityGlobals) = postSolution
		SolutionGuid = {3136EB9B-DF53-474E-BF50-C0005DBC4C11}
	EndGlobalSection
EndGlobal
