
Microsoft Visual Studio Solution File, Format Version 12.00
# Visual Studio 15
VisualStudioVersion = 15.0.27130.2027
MinimumVisualStudioVersion = 10.0.40219.1
Project("{2150E333-8FDC-42A3-9474-1A3956D46DE8}") = "DomainModeling", "DomainModeling", "{87D82FF6-4A7D-419C-8788-235DD43AA666}"
	ProjectSection(SolutionItems) = preProject
		README.MD = README.MD
	EndProjectSection
EndProject
Project("{2150E333-8FDC-42A3-9474-1A3956D46DE8}") = "EventRepository", "EventRepository", "{9852050C-4AAA-48B8-8C6F-B4D133C55791}"
EndProject
Project("{2150E333-8FDC-42A3-9474-1A3956D46DE8}") = "EventSourcing", "EventSourcing", "{0C8184AD-1E1E-437B-86E4-9C059ACF4997}"
EndProject
Project("{2150E333-8FDC-42A3-9474-1A3956D46DE8}") = "EventSubscription", "EventSubscription", "{8315E499-7B13-44CD-9E23-8231F8202061}"
EndProject
Project("{2150E333-8FDC-42A3-9474-1A3956D46DE8}") = "test", "test", "{D69A27D0-0850-4E7E-8206-CEB03BABB2BF}"
EndProject
Project("{2150E333-8FDC-42A3-9474-1A3956D46DE8}") = "src", "src", "{20C43B6E-A331-4347-A9DC-70F6ACA64E49}"
EndProject
Project("{9A19103F-16F7-4668-BE54-9A1E7A4F7556}") = "DomainModeling.Core.Test.Unit", "test\DomainModeling.Core.Test.Unit\DomainModeling.Core.Test.Unit.csproj", "{3B655E1D-D30C-4800-B594-DA56EBEA3BE4}"
EndProject
Project("{9A19103F-16F7-4668-BE54-9A1E7A4F7556}") = "DomainModeling.Core", "src\DomainModeling.Core\DomainModeling.Core.csproj", "{1F1D23D1-2260-4B7F-A846-7257ECD72B41}"
EndProject
Project("{9A19103F-16F7-4668-BE54-9A1E7A4F7556}") = "DomainModeling.EventSubscription", "src\DomainModeling.EventSubscription\DomainModeling.EventSubscription.csproj", "{65DCE798-FCEF-49E3-AA9E-BF1C5A408D1E}"
EndProject
Project("{9A19103F-16F7-4668-BE54-9A1E7A4F7556}") = "DomainModeling.EventSubscription.AspNetCore", "src\DomainModeling.EventSubscription.AspNetCore\DomainModeling.EventSubscription.AspNetCore.csproj", "{936E2990-0FDE-4D2C-91D0-BD2008721446}"
EndProject
Project("{9A19103F-16F7-4668-BE54-9A1E7A4F7556}") = "DomainModeling.EventSubscription.EventStore", "src\DomainModeling.EventSubscription.EventStore\DomainModeling.EventSubscription.EventStore.csproj", "{65FE2671-970E-476D-A1C1-1C3C20378B6C}"
EndProject
Project("{9A19103F-16F7-4668-BE54-9A1E7A4F7556}") = "DomainModeling.EventSubscription.EventStore.AspNetCore", "src\DomainModeling.EventSubscription.EventStore.AspNetCore\DomainModeling.EventSubscription.EventStore.AspNetCore.csproj", "{F137809E-9128-49D8-BD92-74B9ADEB78F0}"
EndProject
Project("{9A19103F-16F7-4668-BE54-9A1E7A4F7556}") = "DomainModeling.EventSourcing", "src\DomainModeling.EventSourcing\DomainModeling.EventSourcing.csproj", "{B8D62B3F-86FF-4CC5-BBBA-445F73811014}"
EndProject
Project("{9A19103F-16F7-4668-BE54-9A1E7A4F7556}") = "DomainModeling.EventSourcing.AspNetCore", "src\DomainModeling.EventSourcing.AspNetCore\DomainModeling.EventSourcing.AspNetCore.csproj", "{C8548E92-7605-4263-826C-4FA0F49F366B}"
EndProject
Project("{9A19103F-16F7-4668-BE54-9A1E7A4F7556}") = "DomainModeling.EventRepository", "src\DomainModeling.EventRepository\DomainModeling.EventRepository.csproj", "{1F19D5B2-467B-4228-B326-55C8979707FB}"
EndProject
Project("{9A19103F-16F7-4668-BE54-9A1E7A4F7556}") = "DomainModeling.EventRepository.EventStore", "src\DomainModeling.EventRepository.EventStore\DomainModeling.EventRepository.EventStore.csproj", "{7442C97C-45A5-4300-A49A-EAF0EBF26825}"
EndProject
Project("{9A19103F-16F7-4668-BE54-9A1E7A4F7556}") = "DomainModeling.EventRepository.EventStore.AspNetCore", "src\DomainModeling.EventRepository.EventStore.AspNetCore\DomainModeling.EventRepository.EventStore.AspNetCore.csproj", "{039ACD11-21D8-4FFA-8F36-60F147C43B93}"
EndProject
Project("{9A19103F-16F7-4668-BE54-9A1E7A4F7556}") = "DomainModeling.EventRepository.LocalMemory", "src\DomainModeling.EventRepository.LocalMemory\DomainModeling.EventRepository.LocalMemory.csproj", "{DB7C3758-9F00-4438-836D-1089DADE3AF3}"
EndProject
Project("{9A19103F-16F7-4668-BE54-9A1E7A4F7556}") = "DomainModeling.EventRepository.LocalMemory.AspNetCore", "src\DomainModeling.EventRepository.LocalMemory.AspNetCore\DomainModeling.EventRepository.LocalMemory.AspNetCore.csproj", "{D453005C-6E26-4871-86A8-ED93461E8AA4}"
EndProject
Project("{FAE04EC0-301F-11D3-BF4B-00C04F79EFBC}") = "DomainModeling.EventRepository.Test.Unit", "test\DomainModeling.EventRepository.Test.Unit\DomainModeling.EventRepository.Test.Unit.csproj", "{11761097-7C4A-4E37-B2D0-DC52736822C0}"
EndProject
Project("{2150E333-8FDC-42A3-9474-1A3956D46DE8}") = "src", "src", "{EF5D8E92-CE77-4B79-B5EB-58AFDC25FA8E}"
EndProject
Project("{FAE04EC0-301F-11D3-BF4B-00C04F79EFBC}") = "DomainModeling.Crud", "src\DomainModeling.Crud\DomainModeling.Crud.csproj", "{12930175-055A-40F0-880F-12B81B7169FF}"
EndProject
Global
	GlobalSection(SolutionConfigurationPlatforms) = preSolution
		Debug|Any CPU = Debug|Any CPU
		Release|Any CPU = Release|Any CPU
	EndGlobalSection
	GlobalSection(ProjectConfigurationPlatforms) = postSolution
		{3B655E1D-D30C-4800-B594-DA56EBEA3BE4}.Debug|Any CPU.ActiveCfg = Debug|Any CPU
		{3B655E1D-D30C-4800-B594-DA56EBEA3BE4}.Debug|Any CPU.Build.0 = Debug|Any CPU
		{3B655E1D-D30C-4800-B594-DA56EBEA3BE4}.Release|Any CPU.ActiveCfg = Release|Any CPU
		{3B655E1D-D30C-4800-B594-DA56EBEA3BE4}.Release|Any CPU.Build.0 = Release|Any CPU
		{1F1D23D1-2260-4B7F-A846-7257ECD72B41}.Debug|Any CPU.ActiveCfg = Debug|Any CPU
		{1F1D23D1-2260-4B7F-A846-7257ECD72B41}.Debug|Any CPU.Build.0 = Debug|Any CPU
		{1F1D23D1-2260-4B7F-A846-7257ECD72B41}.Release|Any CPU.ActiveCfg = Release|Any CPU
		{1F1D23D1-2260-4B7F-A846-7257ECD72B41}.Release|Any CPU.Build.0 = Release|Any CPU
		{65DCE798-FCEF-49E3-AA9E-BF1C5A408D1E}.Debug|Any CPU.ActiveCfg = Debug|Any CPU
		{65DCE798-FCEF-49E3-AA9E-BF1C5A408D1E}.Debug|Any CPU.Build.0 = Debug|Any CPU
		{65DCE798-FCEF-49E3-AA9E-BF1C5A408D1E}.Release|Any CPU.ActiveCfg = Release|Any CPU
		{65DCE798-FCEF-49E3-AA9E-BF1C5A408D1E}.Release|Any CPU.Build.0 = Release|Any CPU
		{936E2990-0FDE-4D2C-91D0-BD2008721446}.Debug|Any CPU.ActiveCfg = Debug|Any CPU
		{936E2990-0FDE-4D2C-91D0-BD2008721446}.Debug|Any CPU.Build.0 = Debug|Any CPU
		{936E2990-0FDE-4D2C-91D0-BD2008721446}.Release|Any CPU.ActiveCfg = Release|Any CPU
		{936E2990-0FDE-4D2C-91D0-BD2008721446}.Release|Any CPU.Build.0 = Release|Any CPU
		{65FE2671-970E-476D-A1C1-1C3C20378B6C}.Debug|Any CPU.ActiveCfg = Debug|Any CPU
		{65FE2671-970E-476D-A1C1-1C3C20378B6C}.Debug|Any CPU.Build.0 = Debug|Any CPU
		{65FE2671-970E-476D-A1C1-1C3C20378B6C}.Release|Any CPU.ActiveCfg = Release|Any CPU
		{65FE2671-970E-476D-A1C1-1C3C20378B6C}.Release|Any CPU.Build.0 = Release|Any CPU
		{F137809E-9128-49D8-BD92-74B9ADEB78F0}.Debug|Any CPU.ActiveCfg = Debug|Any CPU
		{F137809E-9128-49D8-BD92-74B9ADEB78F0}.Debug|Any CPU.Build.0 = Debug|Any CPU
		{F137809E-9128-49D8-BD92-74B9ADEB78F0}.Release|Any CPU.ActiveCfg = Release|Any CPU
		{F137809E-9128-49D8-BD92-74B9ADEB78F0}.Release|Any CPU.Build.0 = Release|Any CPU
		{B8D62B3F-86FF-4CC5-BBBA-445F73811014}.Debug|Any CPU.ActiveCfg = Debug|Any CPU
		{B8D62B3F-86FF-4CC5-BBBA-445F73811014}.Debug|Any CPU.Build.0 = Debug|Any CPU
		{B8D62B3F-86FF-4CC5-BBBA-445F73811014}.Release|Any CPU.ActiveCfg = Release|Any CPU
		{B8D62B3F-86FF-4CC5-BBBA-445F73811014}.Release|Any CPU.Build.0 = Release|Any CPU
		{C8548E92-7605-4263-826C-4FA0F49F366B}.Debug|Any CPU.ActiveCfg = Debug|Any CPU
		{C8548E92-7605-4263-826C-4FA0F49F366B}.Debug|Any CPU.Build.0 = Debug|Any CPU
		{C8548E92-7605-4263-826C-4FA0F49F366B}.Release|Any CPU.ActiveCfg = Release|Any CPU
		{C8548E92-7605-4263-826C-4FA0F49F366B}.Release|Any CPU.Build.0 = Release|Any CPU
		{1F19D5B2-467B-4228-B326-55C8979707FB}.Debug|Any CPU.ActiveCfg = Debug|Any CPU
		{1F19D5B2-467B-4228-B326-55C8979707FB}.Debug|Any CPU.Build.0 = Debug|Any CPU
		{1F19D5B2-467B-4228-B326-55C8979707FB}.Release|Any CPU.ActiveCfg = Release|Any CPU
		{1F19D5B2-467B-4228-B326-55C8979707FB}.Release|Any CPU.Build.0 = Release|Any CPU
		{7442C97C-45A5-4300-A49A-EAF0EBF26825}.Debug|Any CPU.ActiveCfg = Debug|Any CPU
		{7442C97C-45A5-4300-A49A-EAF0EBF26825}.Debug|Any CPU.Build.0 = Debug|Any CPU
		{7442C97C-45A5-4300-A49A-EAF0EBF26825}.Release|Any CPU.ActiveCfg = Release|Any CPU
		{7442C97C-45A5-4300-A49A-EAF0EBF26825}.Release|Any CPU.Build.0 = Release|Any CPU
		{039ACD11-21D8-4FFA-8F36-60F147C43B93}.Debug|Any CPU.ActiveCfg = Debug|Any CPU
		{039ACD11-21D8-4FFA-8F36-60F147C43B93}.Debug|Any CPU.Build.0 = Debug|Any CPU
		{039ACD11-21D8-4FFA-8F36-60F147C43B93}.Release|Any CPU.ActiveCfg = Release|Any CPU
		{039ACD11-21D8-4FFA-8F36-60F147C43B93}.Release|Any CPU.Build.0 = Release|Any CPU
		{DB7C3758-9F00-4438-836D-1089DADE3AF3}.Debug|Any CPU.ActiveCfg = Debug|Any CPU
		{DB7C3758-9F00-4438-836D-1089DADE3AF3}.Debug|Any CPU.Build.0 = Debug|Any CPU
		{DB7C3758-9F00-4438-836D-1089DADE3AF3}.Release|Any CPU.ActiveCfg = Release|Any CPU
		{DB7C3758-9F00-4438-836D-1089DADE3AF3}.Release|Any CPU.Build.0 = Release|Any CPU
		{D453005C-6E26-4871-86A8-ED93461E8AA4}.Debug|Any CPU.ActiveCfg = Debug|Any CPU
		{D453005C-6E26-4871-86A8-ED93461E8AA4}.Debug|Any CPU.Build.0 = Debug|Any CPU
		{D453005C-6E26-4871-86A8-ED93461E8AA4}.Release|Any CPU.ActiveCfg = Release|Any CPU
		{D453005C-6E26-4871-86A8-ED93461E8AA4}.Release|Any CPU.Build.0 = Release|Any CPU
		{11761097-7C4A-4E37-B2D0-DC52736822C0}.Debug|Any CPU.ActiveCfg = Debug|Any CPU
		{11761097-7C4A-4E37-B2D0-DC52736822C0}.Debug|Any CPU.Build.0 = Debug|Any CPU
		{11761097-7C4A-4E37-B2D0-DC52736822C0}.Release|Any CPU.ActiveCfg = Release|Any CPU
		{11761097-7C4A-4E37-B2D0-DC52736822C0}.Release|Any CPU.Build.0 = Release|Any CPU
		{12930175-055A-40F0-880F-12B81B7169FF}.Debug|Any CPU.ActiveCfg = Debug|Any CPU
		{12930175-055A-40F0-880F-12B81B7169FF}.Debug|Any CPU.Build.0 = Debug|Any CPU
		{12930175-055A-40F0-880F-12B81B7169FF}.Release|Any CPU.ActiveCfg = Release|Any CPU
		{12930175-055A-40F0-880F-12B81B7169FF}.Release|Any CPU.Build.0 = Release|Any CPU
	EndGlobalSection
	GlobalSection(SolutionProperties) = preSolution
		HideSolutionNode = FALSE
	EndGlobalSection
	GlobalSection(NestedProjects) = preSolution
		{9852050C-4AAA-48B8-8C6F-B4D133C55791} = {20C43B6E-A331-4347-A9DC-70F6ACA64E49}
		{0C8184AD-1E1E-437B-86E4-9C059ACF4997} = {20C43B6E-A331-4347-A9DC-70F6ACA64E49}
		{8315E499-7B13-44CD-9E23-8231F8202061} = {20C43B6E-A331-4347-A9DC-70F6ACA64E49}
		{D69A27D0-0850-4E7E-8206-CEB03BABB2BF} = {87D82FF6-4A7D-419C-8788-235DD43AA666}
		{20C43B6E-A331-4347-A9DC-70F6ACA64E49} = {87D82FF6-4A7D-419C-8788-235DD43AA666}
		{3B655E1D-D30C-4800-B594-DA56EBEA3BE4} = {D69A27D0-0850-4E7E-8206-CEB03BABB2BF}
		{1F1D23D1-2260-4B7F-A846-7257ECD72B41} = {20C43B6E-A331-4347-A9DC-70F6ACA64E49}
		{65DCE798-FCEF-49E3-AA9E-BF1C5A408D1E} = {8315E499-7B13-44CD-9E23-8231F8202061}
		{936E2990-0FDE-4D2C-91D0-BD2008721446} = {8315E499-7B13-44CD-9E23-8231F8202061}
		{65FE2671-970E-476D-A1C1-1C3C20378B6C} = {8315E499-7B13-44CD-9E23-8231F8202061}
		{F137809E-9128-49D8-BD92-74B9ADEB78F0} = {8315E499-7B13-44CD-9E23-8231F8202061}
		{B8D62B3F-86FF-4CC5-BBBA-445F73811014} = {0C8184AD-1E1E-437B-86E4-9C059ACF4997}
		{C8548E92-7605-4263-826C-4FA0F49F366B} = {0C8184AD-1E1E-437B-86E4-9C059ACF4997}
		{1F19D5B2-467B-4228-B326-55C8979707FB} = {9852050C-4AAA-48B8-8C6F-B4D133C55791}
		{7442C97C-45A5-4300-A49A-EAF0EBF26825} = {9852050C-4AAA-48B8-8C6F-B4D133C55791}
		{039ACD11-21D8-4FFA-8F36-60F147C43B93} = {9852050C-4AAA-48B8-8C6F-B4D133C55791}
		{DB7C3758-9F00-4438-836D-1089DADE3AF3} = {9852050C-4AAA-48B8-8C6F-B4D133C55791}
		{D453005C-6E26-4871-86A8-ED93461E8AA4} = {9852050C-4AAA-48B8-8C6F-B4D133C55791}
		{11761097-7C4A-4E37-B2D0-DC52736822C0} = {D69A27D0-0850-4E7E-8206-CEB03BABB2BF}
		{12930175-055A-40F0-880F-12B81B7169FF} = {EF5D8E92-CE77-4B79-B5EB-58AFDC25FA8E}
	EndGlobalSection
	GlobalSection(ExtensibilityGlobals) = postSolution
		SolutionGuid = {3136EB9B-DF53-474E-BF50-C0005DBC4C11}
	EndGlobalSection
EndGlobal
